
Microsoft Visual Studio Solution File, Format Version 11.00
# Visual Studio 2010
Project("{FAE04EC0-301F-11D3-BF4B-00C04F79EFBC}") = "Assembly-CSharp-firstpass", "Assembly-CSharp-firstpass.csproj", "{F16D9F0B-B842-56F2-1A91-827C37714ECB}"
EndProject
Project("{FAE04EC0-301F-11D3-BF4B-00C04F79EFBC}") = "Assembly-CSharp", "Assembly-CSharp.csproj", "{544963DB-E7FE-E2D1-493D-6945FF7167AF}"
EndProject
Project("{FAE04EC0-301F-11D3-BF4B-00C04F79EFBC}") = "Assembly-CSharp-Editor-firstpass", "Assembly-CSharp-Editor-firstpass.csproj", "{D0BF7C9D-5D8E-20C4-D09B-303C57AB9F8C}"
EndProject
Project("{FAE04EC0-301F-11D3-BF4B-00C04F79EFBC}") = "Assembly-CSharp-Editor", "Assembly-CSharp-Editor.csproj", "{7DC0B2E4-3E97-7255-C5EE-F8EF92046272}"
EndProject
Global
	GlobalSection(SolutionConfigurationPlatforms) = preSolution
		Debug|Any CPU = Debug|Any CPU
		Release|Any CPU = Release|Any CPU
	EndGlobalSection
	GlobalSection(ProjectConfigurationPlatforms) = postSolution
		{F16D9F0B-B842-56F2-1A91-827C37714ECB}.Debug|Any CPU.ActiveCfg = Debug|Any CPU
		{F16D9F0B-B842-56F2-1A91-827C37714ECB}.Debug|Any CPU.Build.0 = Debug|Any CPU
		{F16D9F0B-B842-56F2-1A91-827C37714ECB}.Release|Any CPU.ActiveCfg = Release|Any CPU
		{F16D9F0B-B842-56F2-1A91-827C37714ECB}.Release|Any CPU.Build.0 = Release|Any CPU
		{544963DB-E7FE-E2D1-493D-6945FF7167AF}.Debug|Any CPU.ActiveCfg = Debug|Any CPU
		{544963DB-E7FE-E2D1-493D-6945FF7167AF}.Debug|Any CPU.Build.0 = Debug|Any CPU
		{544963DB-E7FE-E2D1-493D-6945FF7167AF}.Release|Any CPU.ActiveCfg = Release|Any CPU
		{544963DB-E7FE-E2D1-493D-6945FF7167AF}.Release|Any CPU.Build.0 = Release|Any CPU
		{D0BF7C9D-5D8E-20C4-D09B-303C57AB9F8C}.Debug|Any CPU.ActiveCfg = Debug|Any CPU
		{D0BF7C9D-5D8E-20C4-D09B-303C57AB9F8C}.Debug|Any CPU.Build.0 = Debug|Any CPU
		{D0BF7C9D-5D8E-20C4-D09B-303C57AB9F8C}.Release|Any CPU.ActiveCfg = Release|Any CPU
		{D0BF7C9D-5D8E-20C4-D09B-303C57AB9F8C}.Release|Any CPU.Build.0 = Release|Any CPU
		{7DC0B2E4-3E97-7255-C5EE-F8EF92046272}.Debug|Any CPU.ActiveCfg = Debug|Any CPU
		{7DC0B2E4-3E97-7255-C5EE-F8EF92046272}.Debug|Any CPU.Build.0 = Debug|Any CPU
		{7DC0B2E4-3E97-7255-C5EE-F8EF92046272}.Release|Any CPU.ActiveCfg = Release|Any CPU
		{7DC0B2E4-3E97-7255-C5EE-F8EF92046272}.Release|Any CPU.Build.0 = Release|Any CPU
	EndGlobalSection
	GlobalSection(SolutionProperties) = preSolution
		HideSolutionNode = FALSE
	EndGlobalSection
	GlobalSection(MonoDevelopProperties) = preSolution
		StartupItem = Assembly-CSharp.csproj
	EndGlobalSection
EndGlobal
